
Microsoft Visual Studio Solution File, Format Version 12.00
# Visual Studio Express 2013 for Windows Desktop
VisualStudioVersion = 12.0.40629.0
MinimumVisualStudioVersion = 10.0.40219.1
Project("{FAE04EC0-301F-11D3-BF4B-00C04F79EFBC}") = "ClickWithEvents", "ClickWithEvents\ClickWithEvents.csproj", "{4215EC5F-E72C-45EB-9DB8-F4B6E0A0C2A4}"
EndProject
Global
	GlobalSection(SolutionConfigurationPlatforms) = preSolution
		Debug|Any CPU = Debug|Any CPU
		Release|Any CPU = Release|Any CPU
	EndGlobalSection
	GlobalSection(ProjectConfigurationPlatforms) = postSolution
		{4215EC5F-E72C-45EB-9DB8-F4B6E0A0C2A4}.Debug|Any CPU.ActiveCfg = Debug|Any CPU
		{4215EC5F-E72C-45EB-9DB8-F4B6E0A0C2A4}.Debug|Any CPU.Build.0 = Debug|Any CPU
		{4215EC5F-E72C-45EB-9DB8-F4B6E0A0C2A4}.Release|Any CPU.ActiveCfg = Release|Any CPU
		{4215EC5F-E72C-45EB-9DB8-F4B6E0A0C2A4}.Release|Any CPU.Build.0 = Release|Any CPU
	EndGlobalSection
	GlobalSection(SolutionProperties) = preSolution
		HideSolutionNode = FALSE
	EndGlobalSection
EndGlobal
